// !$*UTF8*$!
{
	archiveVersion = 1;
	classes = {
	};
	objectVersion = 50;
	objects = {

/* Begin PBXBuildFile section */
		5607F83226CB0E8C0063D1D8 /* Settings.swift in Sources */ = {isa = PBXBuildFile; fileRef = 5607F83126CB0E8C0063D1D8 /* Settings.swift */; };
		560B55302693A75400EB57E4 /* AppDelegate.swift in Sources */ = {isa = PBXBuildFile; fileRef = 560B552F2693A75400EB57E4 /* AppDelegate.swift */; };
		560B55322693A75400EB57E4 /* SceneDelegate.swift in Sources */ = {isa = PBXBuildFile; fileRef = 560B55312693A75400EB57E4 /* SceneDelegate.swift */; };
		560B55342693A75400EB57E4 /* ContentView.swift in Sources */ = {isa = PBXBuildFile; fileRef = 560B55332693A75400EB57E4 /* ContentView.swift */; };
		560B55362693A75500EB57E4 /* Assets.xcassets in Resources */ = {isa = PBXBuildFile; fileRef = 560B55352693A75500EB57E4 /* Assets.xcassets */; };
		560B55392693A75500EB57E4 /* Preview Assets.xcassets in Resources */ = {isa = PBXBuildFile; fileRef = 560B55382693A75500EB57E4 /* Preview Assets.xcassets */; };
		560B553C2693A75500EB57E4 /* LaunchScreen.storyboard in Resources */ = {isa = PBXBuildFile; fileRef = 560B553A2693A75500EB57E4 /* LaunchScreen.storyboard */; };
		56690F2B26BDAE8D0018430D /* SettingsModal.swift in Sources */ = {isa = PBXBuildFile; fileRef = 56690F2A26BDAE8D0018430D /* SettingsModal.swift */; };
		569ED6672694387B00770D6F /* ImagePicker.swift in Sources */ = {isa = PBXBuildFile; fileRef = 569ED6662694387B00770D6F /* ImagePicker.swift */; };
		56C1AEEB26942BF000FCF808 /* Grid.swift in Sources */ = {isa = PBXBuildFile; fileRef = 56C1AEEA26942BF000FCF808 /* Grid.swift */; };
/* End PBXBuildFile section */

/* Begin PBXFileReference section */
		5607F83126CB0E8C0063D1D8 /* Settings.swift */ = {isa = PBXFileReference; lastKnownFileType = sourcecode.swift; path = Settings.swift; sourceTree = "<group>"; };
		560B552C2693A75400EB57E4 /* scaliir-Try.app */ = {isa = PBXFileReference; explicitFileType = wrapper.application; includeInIndex = 0; path = "scaliir-Try.app"; sourceTree = BUILT_PRODUCTS_DIR; };
		560B552F2693A75400EB57E4 /* AppDelegate.swift */ = {isa = PBXFileReference; lastKnownFileType = sourcecode.swift; path = AppDelegate.swift; sourceTree = "<group>"; };
		560B55312693A75400EB57E4 /* SceneDelegate.swift */ = {isa = PBXFileReference; lastKnownFileType = sourcecode.swift; path = SceneDelegate.swift; sourceTree = "<group>"; };
		560B55332693A75400EB57E4 /* ContentView.swift */ = {isa = PBXFileReference; lastKnownFileType = sourcecode.swift; path = ContentView.swift; sourceTree = "<group>"; };
		560B55352693A75500EB57E4 /* Assets.xcassets */ = {isa = PBXFileReference; lastKnownFileType = folder.assetcatalog; path = Assets.xcassets; sourceTree = "<group>"; };
		560B55382693A75500EB57E4 /* Preview Assets.xcassets */ = {isa = PBXFileReference; lastKnownFileType = folder.assetcatalog; path = "Preview Assets.xcassets"; sourceTree = "<group>"; };
		560B553B2693A75500EB57E4 /* Base */ = {isa = PBXFileReference; lastKnownFileType = file.storyboard; name = Base; path = Base.lproj/LaunchScreen.storyboard; sourceTree = "<group>"; };
		560B553D2693A75500EB57E4 /* Info.plist */ = {isa = PBXFileReference; lastKnownFileType = text.plist.xml; path = Info.plist; sourceTree = "<group>"; };
		56690F2A26BDAE8D0018430D /* SettingsModal.swift */ = {isa = PBXFileReference; lastKnownFileType = sourcecode.swift; path = SettingsModal.swift; sourceTree = "<group>"; };
		569ED6662694387B00770D6F /* ImagePicker.swift */ = {isa = PBXFileReference; lastKnownFileType = sourcecode.swift; path = ImagePicker.swift; sourceTree = "<group>"; };
		56C1AEEA26942BF000FCF808 /* Grid.swift */ = {isa = PBXFileReference; lastKnownFileType = sourcecode.swift; path = Grid.swift; sourceTree = "<group>"; };
/* End PBXFileReference section */

/* Begin PBXFrameworksBuildPhase section */
		560B55292693A75400EB57E4 /* Frameworks */ = {
			isa = PBXFrameworksBuildPhase;
			buildActionMask = 2147483647;
			files = (
			);
			runOnlyForDeploymentPostprocessing = 0;
		};
/* End PBXFrameworksBuildPhase section */

/* Begin PBXGroup section */
		560B55232693A75400EB57E4 = {
			isa = PBXGroup;
			children = (
				560B552E2693A75400EB57E4 /* scaliir-Try */,
				560B552D2693A75400EB57E4 /* Products */,
			);
			sourceTree = "<group>";
		};
		560B552D2693A75400EB57E4 /* Products */ = {
			isa = PBXGroup;
			children = (
				560B552C2693A75400EB57E4 /* scaliir-Try.app */,
			);
			name = Products;
			sourceTree = "<group>";
		};
		560B552E2693A75400EB57E4 /* scaliir-Try */ = {
			isa = PBXGroup;
			children = (
				560B552F2693A75400EB57E4 /* AppDelegate.swift */,
				560B55312693A75400EB57E4 /* SceneDelegate.swift */,
				560B55332693A75400EB57E4 /* ContentView.swift */,
				56690F2A26BDAE8D0018430D /* SettingsModal.swift */,
				569ED6662694387B00770D6F /* ImagePicker.swift */,
				56C1AEEA26942BF000FCF808 /* Grid.swift */,
				5607F83126CB0E8C0063D1D8 /* Settings.swift */,
				560B55352693A75500EB57E4 /* Assets.xcassets */,
				560B553A2693A75500EB57E4 /* LaunchScreen.storyboard */,
				560B553D2693A75500EB57E4 /* Info.plist */,
				560B55372693A75500EB57E4 /* Preview Content */,
			);
			path = "scaliir-Try";
			sourceTree = "<group>";
		};
		560B55372693A75500EB57E4 /* Preview Content */ = {
			isa = PBXGroup;
			children = (
				560B55382693A75500EB57E4 /* Preview Assets.xcassets */,
			);
			path = "Preview Content";
			sourceTree = "<group>";
		};
/* End PBXGroup section */

/* Begin PBXNativeTarget section */
		560B552B2693A75400EB57E4 /* scaliir-Try */ = {
			isa = PBXNativeTarget;
			buildConfigurationList = 560B55402693A75500EB57E4 /* Build configuration list for PBXNativeTarget "scaliir-Try" */;
			buildPhases = (
				560B55282693A75400EB57E4 /* Sources */,
				560B55292693A75400EB57E4 /* Frameworks */,
				560B552A2693A75400EB57E4 /* Resources */,
			);
			buildRules = (
			);
			dependencies = (
			);
			name = "scaliir-Try";
			productName = "scaliir-Try";
			productReference = 560B552C2693A75400EB57E4 /* scaliir-Try.app */;
			productType = "com.apple.product-type.application";
		};
/* End PBXNativeTarget section */

/* Begin PBXProject section */
		560B55242693A75400EB57E4 /* Project object */ = {
			isa = PBXProject;
			attributes = {
				LastSwiftUpdateCheck = 1250;
				LastUpgradeCheck = 1250;
				TargetAttributes = {
					560B552B2693A75400EB57E4 = {
						CreatedOnToolsVersion = 12.5.1;
					};
				};
			};
			buildConfigurationList = 560B55272693A75400EB57E4 /* Build configuration list for PBXProject "scaliir-Try" */;
			compatibilityVersion = "Xcode 9.3";
			developmentRegion = en;
			hasScannedForEncodings = 0;
			knownRegions = (
				en,
				Base,
			);
			mainGroup = 560B55232693A75400EB57E4;
			productRefGroup = 560B552D2693A75400EB57E4 /* Products */;
			projectDirPath = "";
			projectRoot = "";
			targets = (
				560B552B2693A75400EB57E4 /* scaliir-Try */,
			);
		};
/* End PBXProject section */

/* Begin PBXResourcesBuildPhase section */
		560B552A2693A75400EB57E4 /* Resources */ = {
			isa = PBXResourcesBuildPhase;
			buildActionMask = 2147483647;
			files = (
				560B553C2693A75500EB57E4 /* LaunchScreen.storyboard in Resources */,
				560B55392693A75500EB57E4 /* Preview Assets.xcassets in Resources */,
				560B55362693A75500EB57E4 /* Assets.xcassets in Resources */,
			);
			runOnlyForDeploymentPostprocessing = 0;
		};
/* End PBXResourcesBuildPhase section */

/* Begin PBXSourcesBuildPhase section */
		560B55282693A75400EB57E4 /* Sources */ = {
			isa = PBXSourcesBuildPhase;
			buildActionMask = 2147483647;
			files = (
				560B55302693A75400EB57E4 /* AppDelegate.swift in Sources */,
				560B55322693A75400EB57E4 /* SceneDelegate.swift in Sources */,
				560B55342693A75400EB57E4 /* ContentView.swift in Sources */,
				56690F2B26BDAE8D0018430D /* SettingsModal.swift in Sources */,
				5607F83226CB0E8C0063D1D8 /* Settings.swift in Sources */,
				569ED6672694387B00770D6F /* ImagePicker.swift in Sources */,
				56C1AEEB26942BF000FCF808 /* Grid.swift in Sources */,
			);
			runOnlyForDeploymentPostprocessing = 0;
		};
/* End PBXSourcesBuildPhase section */

/* Begin PBXVariantGroup section */
		560B553A2693A75500EB57E4 /* LaunchScreen.storyboard */ = {
			isa = PBXVariantGroup;
			children = (
				560B553B2693A75500EB57E4 /* Base */,
			);
			name = LaunchScreen.storyboard;
			sourceTree = "<group>";
		};
/* End PBXVariantGroup section */

/* Begin XCBuildConfiguration section */
		560B553E2693A75500EB57E4 /* Debug */ = {
			isa = XCBuildConfiguration;
			buildSettings = {
				ALWAYS_SEARCH_USER_PATHS = NO;
				CLANG_ANALYZER_NONNULL = YES;
				CLANG_ANALYZER_NUMBER_OBJECT_CONVERSION = YES_AGGRESSIVE;
				CLANG_CXX_LANGUAGE_STANDARD = "gnu++14";
				CLANG_CXX_LIBRARY = "libc++";
				CLANG_ENABLE_MODULES = YES;
				CLANG_ENABLE_OBJC_ARC = YES;
				CLANG_ENABLE_OBJC_WEAK = YES;
				CLANG_WARN_BLOCK_CAPTURE_AUTORELEASING = YES;
				CLANG_WARN_BOOL_CONVERSION = YES;
				CLANG_WARN_COMMA = YES;
				CLANG_WARN_CONSTANT_CONVERSION = YES;
				CLANG_WARN_DEPRECATED_OBJC_IMPLEMENTATIONS = YES;
				CLANG_WARN_DIRECT_OBJC_ISA_USAGE = YES_ERROR;
				CLANG_WARN_DOCUMENTATION_COMMENTS = YES;
				CLANG_WARN_EMPTY_BODY = YES;
				CLANG_WARN_ENUM_CONVERSION = YES;
				CLANG_WARN_INFINITE_RECURSION = YES;
				CLANG_WARN_INT_CONVERSION = YES;
				CLANG_WARN_NON_LITERAL_NULL_CONVERSION = YES;
				CLANG_WARN_OBJC_IMPLICIT_RETAIN_SELF = YES;
				CLANG_WARN_OBJC_LITERAL_CONVERSION = YES;
				CLANG_WARN_OBJC_ROOT_CLASS = YES_ERROR;
				CLANG_WARN_QUOTED_INCLUDE_IN_FRAMEWORK_HEADER = YES;
				CLANG_WARN_RANGE_LOOP_ANALYSIS = YES;
				CLANG_WARN_STRICT_PROTOTYPES = YES;
				CLANG_WARN_SUSPICIOUS_MOVE = YES;
				CLANG_WARN_UNGUARDED_AVAILABILITY = YES_AGGRESSIVE;
				CLANG_WARN_UNREACHABLE_CODE = YES;
				CLANG_WARN__DUPLICATE_METHOD_MATCH = YES;
				COPY_PHASE_STRIP = NO;
				DEBUG_INFORMATION_FORMAT = dwarf;
				ENABLE_STRICT_OBJC_MSGSEND = YES;
				ENABLE_TESTABILITY = YES;
				GCC_C_LANGUAGE_STANDARD = gnu11;
				GCC_DYNAMIC_NO_PIC = NO;
				GCC_NO_COMMON_BLOCKS = YES;
				GCC_OPTIMIZATION_LEVEL = 0;
				GCC_PREPROCESSOR_DEFINITIONS = (
					"DEBUG=1",
					"$(inherited)",
				);
				GCC_WARN_64_TO_32_BIT_CONVERSION = YES;
				GCC_WARN_ABOUT_RETURN_TYPE = YES_ERROR;
				GCC_WARN_UNDECLARED_SELECTOR = YES;
				GCC_WARN_UNINITIALIZED_AUTOS = YES_AGGRESSIVE;
				GCC_WARN_UNUSED_FUNCTION = YES;
				GCC_WARN_UNUSED_VARIABLE = YES;
				IPHONEOS_DEPLOYMENT_TARGET = 14.1;
				MTL_ENABLE_DEBUG_INFO = INCLUDE_SOURCE;
				MTL_FAST_MATH = YES;
				ONLY_ACTIVE_ARCH = YES;
				SDKROOT = iphoneos;
				SWIFT_ACTIVE_COMPILATION_CONDITIONS = DEBUG;
				SWIFT_OPTIMIZATION_LEVEL = "-Onone";
			};
			name = Debug;
		};
		560B553F2693A75500EB57E4 /* Release */ = {
			isa = XCBuildConfiguration;
			buildSettings = {
				ALWAYS_SEARCH_USER_PATHS = NO;
				CLANG_ANALYZER_NONNULL = YES;
				CLANG_ANALYZER_NUMBER_OBJECT_CONVERSION = YES_AGGRESSIVE;
				CLANG_CXX_LANGUAGE_STANDARD = "gnu++14";
				CLANG_CXX_LIBRARY = "libc++";
				CLANG_ENABLE_MODULES = YES;
				CLANG_ENABLE_OBJC_ARC = YES;
				CLANG_ENABLE_OBJC_WEAK = YES;
				CLANG_WARN_BLOCK_CAPTURE_AUTORELEASING = YES;
				CLANG_WARN_BOOL_CONVERSION = YES;
				CLANG_WARN_COMMA = YES;
				CLANG_WARN_CONSTANT_CONVERSION = YES;
				CLANG_WARN_DEPRECATED_OBJC_IMPLEMENTATIONS = YES;
				CLANG_WARN_DIRECT_OBJC_ISA_USAGE = YES_ERROR;
				CLANG_WARN_DOCUMENTATION_COMMENTS = YES;
				CLANG_WARN_EMPTY_BODY = YES;
				CLANG_WARN_ENUM_CONVERSION = YES;
				CLANG_WARN_INFINITE_RECURSION = YES;
				CLANG_WARN_INT_CONVERSION = YES;
				CLANG_WARN_NON_LITERAL_NULL_CONVERSION = YES;
				CLANG_WARN_OBJC_IMPLICIT_RETAIN_SELF = YES;
				CLANG_WARN_OBJC_LITERAL_CONVERSION = YES;
				CLANG_WARN_OBJC_ROOT_CLASS = YES_ERROR;
				CLANG_WARN_QUOTED_INCLUDE_IN_FRAMEWORK_HEADER = YES;
				CLANG_WARN_RANGE_LOOP_ANALYSIS = YES;
				CLANG_WARN_STRICT_PROTOTYPES = YES;
				CLANG_WARN_SUSPICIOUS_MOVE = YES;
				CLANG_WARN_UNGUARDED_AVAILABILITY = YES_AGGRESSIVE;
				CLANG_WARN_UNREACHABLE_CODE = YES;
				CLANG_WARN__DUPLICATE_METHOD_MATCH = YES;
				COPY_PHASE_STRIP = NO;
				DEBUG_INFORMATION_FORMAT = "dwarf-with-dsym";
				ENABLE_NS_ASSERTIONS = NO;
				ENABLE_STRICT_OBJC_MSGSEND = YES;
				GCC_C_LANGUAGE_STANDARD = gnu11;
				GCC_NO_COMMON_BLOCKS = YES;
				GCC_WARN_64_TO_32_BIT_CONVERSION = YES;
				GCC_WARN_ABOUT_RETURN_TYPE = YES_ERROR;
				GCC_WARN_UNDECLARED_SELECTOR = YES;
				GCC_WARN_UNINITIALIZED_AUTOS = YES_AGGRESSIVE;
				GCC_WARN_UNUSED_FUNCTION = YES;
				GCC_WARN_UNUSED_VARIABLE = YES;
				IPHONEOS_DEPLOYMENT_TARGET = 14.1;
				MTL_ENABLE_DEBUG_INFO = NO;
				MTL_FAST_MATH = YES;
				SDKROOT = iphoneos;
				SWIFT_COMPILATION_MODE = wholemodule;
				SWIFT_OPTIMIZATION_LEVEL = "-O";
				VALIDATE_PRODUCT = YES;
			};
			name = Release;
		};
		560B55412693A75500EB57E4 /* Debug */ = {
			isa = XCBuildConfiguration;
			buildSettings = {
				ASSETCATALOG_COMPILER_APPICON_NAME = AppIcon;
				ASSETCATALOG_COMPILER_GLOBAL_ACCENT_COLOR_NAME = AccentColor;
				CODE_SIGN_STYLE = Automatic;
				DEVELOPMENT_ASSET_PATHS = "\"scaliir-Try/Preview Content\"";
				DEVELOPMENT_TEAM = 3TFZ52QYHN;
				ENABLE_PREVIEWS = YES;
				INFOPLIST_FILE = "scaliir-Try/Info.plist";
				LD_RUNPATH_SEARCH_PATHS = (
					"$(inherited)",
					"@executable_path/Frameworks",
				);
				PRODUCT_BUNDLE_IDENTIFIER = com.MarianNul.Griid;
				PRODUCT_NAME = "$(TARGET_NAME)";
				SWIFT_VERSION = 5.0;
				TARGETED_DEVICE_FAMILY = "1,2";
			};
			name = Debug;
		};
		560B55422693A75500EB57E4 /* Release */ = {
			isa = XCBuildConfiguration;
			buildSettings = {
				ASSETCATALOG_COMPILER_APPICON_NAME = AppIcon;
				ASSETCATALOG_COMPILER_GLOBAL_ACCENT_COLOR_NAME = AccentColor;
				CODE_SIGN_STYLE = Automatic;
				DEVELOPMENT_ASSET_PATHS = "\"scaliir-Try/Preview Content\"";
				DEVELOPMENT_TEAM = 3TFZ52QYHN;
				ENABLE_PREVIEWS = YES;
				INFOPLIST_FILE = "scaliir-Try/Info.plist";
				LD_RUNPATH_SEARCH_PATHS = (
					"$(inherited)",
					"@executable_path/Frameworks",
				);
				PRODUCT_BUNDLE_IDENTIFIER = com.MarianNul.Griid;
				PRODUCT_NAME = "$(TARGET_NAME)";
				SWIFT_VERSION = 5.0;
				TARGETED_DEVICE_FAMILY = "1,2";
			};
			name = Release;
		};
/* End XCBuildConfiguration section */

/* Begin XCConfigurationList section */
		560B55272693A75400EB57E4 /* Build configuration list for PBXProject "scaliir-Try" */ = {
			isa = XCConfigurationList;
			buildConfigurations = (
				560B553E2693A75500EB57E4 /* Debug */,
				560B553F2693A75500EB57E4 /* Release */,
			);
			defaultConfigurationIsVisible = 0;
			defaultConfigurationName = Release;
		};
		560B55402693A75500EB57E4 /* Build configuration list for PBXNativeTarget "scaliir-Try" */ = {
			isa = XCConfigurationList;
			buildConfigurations = (
				560B55412693A75500EB57E4 /* Debug */,
				560B55422693A75500EB57E4 /* Release */,
			);
			defaultConfigurationIsVisible = 0;
			defaultConfigurationName = Release;
		};
/* End XCConfigurationList section */
	};
	rootObject = 560B55242693A75400EB57E4 /* Project object */;
}
